
Microsoft Visual Studio Solution File, Format Version 12.00
# Visual Studio Version 17
VisualStudioVersion = 17.1.32210.238
MinimumVisualStudioVersion = 10.0.40219.1
Project("{FAE04EC0-301F-11D3-BF4B-00C04F79EFBC}") = "RedisPerfomTest", "RedisPerfomTest\RedisPerfomTest.csproj", "{15948C01-CE37-4A40-8D1D-F6D18343504C}"
EndProject
Global
	GlobalSection(SolutionConfigurationPlatforms) = preSolution
		Debug|Any CPU = Debug|Any CPU
		Release|Any CPU = Release|Any CPU
	EndGlobalSection
	GlobalSection(ProjectConfigurationPlatforms) = postSolution
		{15948C01-CE37-4A40-8D1D-F6D18343504C}.Debug|Any CPU.ActiveCfg = Debug|Any CPU
		{15948C01-CE37-4A40-8D1D-F6D18343504C}.Debug|Any CPU.Build.0 = Debug|Any CPU
		{15948C01-CE37-4A40-8D1D-F6D18343504C}.Release|Any CPU.ActiveCfg = Release|Any CPU
		{15948C01-CE37-4A40-8D1D-F6D18343504C}.Release|Any CPU.Build.0 = Release|Any CPU
	EndGlobalSection
	GlobalSection(SolutionProperties) = preSolution
		HideSolutionNode = FALSE
	EndGlobalSection
	GlobalSection(ExtensibilityGlobals) = postSolution
		SolutionGuid = {E2A17AAB-CD69-44D0-B376-9C03D8454FFC}
	EndGlobalSection
EndGlobal
